
Microsoft Visual Studio Solution File, Format Version 12.00
# Visual Studio Version 16
VisualStudioVersion = 16.0.33801.447
MinimumVisualStudioVersion = 10.0.40219.1
Project("{FAE04EC0-301F-11D3-BF4B-00C04F79EFBC}") = "TranslationMergeApp", "TranslationMergeApp\TranslationMergeApp.csproj", "{7CB4AD8D-0A14-4F26-91B1-27EABFC45B74}"
EndProject
Global
	GlobalSection(SolutionConfigurationPlatforms) = preSolution
		Debug|Any CPU = Debug|Any CPU
		Release|Any CPU = Release|Any CPU
	EndGlobalSection
	GlobalSection(ProjectConfigurationPlatforms) = postSolution
		{7CB4AD8D-0A14-4F26-91B1-27EABFC45B74}.Debug|Any CPU.ActiveCfg = Debug|Any CPU
		{7CB4AD8D-0A14-4F26-91B1-27EABFC45B74}.Debug|Any CPU.Build.0 = Debug|Any CPU
		{7CB4AD8D-0A14-4F26-91B1-27EABFC45B74}.Release|Any CPU.ActiveCfg = Release|Any CPU
		{7CB4AD8D-0A14-4F26-91B1-27EABFC45B74}.Release|Any CPU.Build.0 = Release|Any CPU
	EndGlobalSection
	GlobalSection(SolutionProperties) = preSolution
		HideSolutionNode = FALSE
	EndGlobalSection
	GlobalSection(ExtensibilityGlobals) = postSolution
		SolutionGuid = {B2435E04-3B92-441E-BF43-064E624756C5}
	EndGlobalSection
EndGlobal
